
Microsoft Visual Studio Solution File, Format Version 11.00
# Visual Studio 2010
Project("{8BC9CEB8-8B4A-11D0-8D11-00A0C91BC942}") = "由小到大输出两个数", "由小到大输出两个数\由小到大输出两个数.vcxproj", "{AF254346-318C-47B9-A9AC-35291A9956F6}"
EndProject
Global
	GlobalSection(SolutionConfigurationPlatforms) = preSolution
		Debug|Win32 = Debug|Win32
		Release|Win32 = Release|Win32
	EndGlobalSection
	GlobalSection(ProjectConfigurationPlatforms) = postSolution
		{AF254346-318C-47B9-A9AC-35291A9956F6}.Debug|Win32.ActiveCfg = Debug|Win32
		{AF254346-318C-47B9-A9AC-35291A9956F6}.Debug|Win32.Build.0 = Debug|Win32
		{AF254346-318C-47B9-A9AC-35291A9956F6}.Release|Win32.ActiveCfg = Release|Win32
		{AF254346-318C-47B9-A9AC-35291A9956F6}.Release|Win32.Build.0 = Release|Win32
	EndGlobalSection
	GlobalSection(SolutionProperties) = preSolution
		HideSolutionNode = FALSE
	EndGlobalSection
EndGlobal
